// !$*UTF8*$!
{
	archiveVersion = 1;
	classes = {
	};
	objectVersion = 50;
	objects = {

/* Begin PBXBuildFile section */
		F702BC3321F9542600685927 /* MainTabBar.swift in Sources */ = {isa = PBXBuildFile; fileRef = F702BC3221F9542600685927 /* MainTabBar.swift */; };
		F702BC3521F97ACA00685927 /* NearVC.swift in Sources */ = {isa = PBXBuildFile; fileRef = F702BC3421F97ACA00685927 /* NearVC.swift */; };
		F702BC3721F9ADF700685927 /* KeyChainSwift.swift in Sources */ = {isa = PBXBuildFile; fileRef = F702BC3621F9ADF700685927 /* KeyChainSwift.swift */; };
		F710D80A21F56EE30046FEB6 /* AppDelegate.swift in Sources */ = {isa = PBXBuildFile; fileRef = F710D80921F56EE30046FEB6 /* AppDelegate.swift */; };
		F710D80C21F56EE30046FEB6 /* HomeVC.swift in Sources */ = {isa = PBXBuildFile; fileRef = F710D80B21F56EE30046FEB6 /* HomeVC.swift */; };
		F710D80F21F56EE30046FEB6 /* Main.storyboard in Resources */ = {isa = PBXBuildFile; fileRef = F710D80D21F56EE30046FEB6 /* Main.storyboard */; };
		F710D81121F56EE40046FEB6 /* Assets.xcassets in Resources */ = {isa = PBXBuildFile; fileRef = F710D81021F56EE40046FEB6 /* Assets.xcassets */; };
		F710D81421F56EE40046FEB6 /* LaunchScreen.storyboard in Resources */ = {isa = PBXBuildFile; fileRef = F710D81221F56EE40046FEB6 /* LaunchScreen.storyboard */; };
		F710D81E21F57FFF0046FEB6 /* NewsVC.swift in Sources */ = {isa = PBXBuildFile; fileRef = F710D81D21F57FFF0046FEB6 /* NewsVC.swift */; };
		F710D82021F580B40046FEB6 /* NewsCell.swift in Sources */ = {isa = PBXBuildFile; fileRef = F710D81F21F580B40046FEB6 /* NewsCell.swift */; };
		F710D82421F582750046FEB6 /* ExtensionCode.swift in Sources */ = {isa = PBXBuildFile; fileRef = F710D82321F582750046FEB6 /* ExtensionCode.swift */; };
		F710D82721F5877C0046FEB6 /* PopularVC.swift in Sources */ = {isa = PBXBuildFile; fileRef = F710D82621F5877C0046FEB6 /* PopularVC.swift */; };
		F710D82921F587B10046FEB6 /* PopularCell.swift in Sources */ = {isa = PBXBuildFile; fileRef = F710D82821F587B10046FEB6 /* PopularCell.swift */; };
		F710D82B21F588030046FEB6 /* PopularDetailVC.swift in Sources */ = {isa = PBXBuildFile; fileRef = F710D82A21F588030046FEB6 /* PopularDetailVC.swift */; };
		F710D82E21F58CD20046FEB6 /* HomePageView.swift in Sources */ = {isa = PBXBuildFile; fileRef = F710D82D21F58CD20046FEB6 /* HomePageView.swift */; };
		F710D83021F5C9560046FEB6 /* BrowseVC.swift in Sources */ = {isa = PBXBuildFile; fileRef = F710D82F21F5C9560046FEB6 /* BrowseVC.swift */; };
		F710D83221F5C9770046FEB6 /* BrowseCell.swift in Sources */ = {isa = PBXBuildFile; fileRef = F710D83121F5C9770046FEB6 /* BrowseCell.swift */; };
		F721B99F21FAF705005B1C26 /* EventsByCategoryVC.swift in Sources */ = {isa = PBXBuildFile; fileRef = F721B99E21FAF705005B1C26 /* EventsByCategoryVC.swift */; };
		F721B9A121FAF753005B1C26 /* EventsByCategoryCell.swift in Sources */ = {isa = PBXBuildFile; fileRef = F721B9A021FAF753005B1C26 /* EventsByCategoryCell.swift */; };
		F72E29D022115E54009A4ACA /* Artwork.swift in Sources */ = {isa = PBXBuildFile; fileRef = F72E29CF22115E54009A4ACA /* Artwork.swift */; };
		F749DEF321FEDBA200EC5EDE /* NearCollectionCell.swift in Sources */ = {isa = PBXBuildFile; fileRef = F749DEF221FEDBA200EC5EDE /* NearCollectionCell.swift */; };
		F749DEF521FEE0BE00EC5EDE /* ResetPassVC.swift in Sources */ = {isa = PBXBuildFile; fileRef = F749DEF421FEE0BE00EC5EDE /* ResetPassVC.swift */; };
		F789E6E421F7216600E147F1 /* AccountVC.swift in Sources */ = {isa = PBXBuildFile; fileRef = F789E6E321F7216600E147F1 /* AccountVC.swift */; };
		F7D4E4B221F6D8BA008293E4 /* RegisterVC.swift in Sources */ = {isa = PBXBuildFile; fileRef = F7D4E4B121F6D8BA008293E4 /* RegisterVC.swift */; };
		F7D4E4B421F6D913008293E4 /* LogInVC.swift in Sources */ = {isa = PBXBuildFile; fileRef = F7D4E4B321F6D913008293E4 /* LogInVC.swift */; };
		F7DFC56B21F81D7F00FDA62C /* NewsStruct.swift in Sources */ = {isa = PBXBuildFile; fileRef = F7DFC56A21F81D7F00FDA62C /* NewsStruct.swift */; };
		F7DFC56D21F81DB800FDA62C /* EventsStruct.swift in Sources */ = {isa = PBXBuildFile; fileRef = F7DFC56C21F81DB800FDA62C /* EventsStruct.swift */; };
		F7DFC56F21F81DF100FDA62C /* CategoriesStruct.swift in Sources */ = {isa = PBXBuildFile; fileRef = F7DFC56E21F81DF100FDA62C /* CategoriesStruct.swift */; };
		F7DFC57121F81EAF00FDA62C /* AccountStruct.swift in Sources */ = {isa = PBXBuildFile; fileRef = F7DFC57021F81EAF00FDA62C /* AccountStruct.swift */; };
		F7E322A721FFFB2500394B3F /* MyPageFatherVC.swift in Sources */ = {isa = PBXBuildFile; fileRef = F7E322A621FFFB2500394B3F /* MyPageFatherVC.swift */; };
		F7E322AA21FFFB7D00394B3F /* MyPagePageView.swift in Sources */ = {isa = PBXBuildFile; fileRef = F7E322A921FFFB7D00394B3F /* MyPagePageView.swift */; };
		F7E322AC21FFFCC800394B3F /* WentVC.swift in Sources */ = {isa = PBXBuildFile; fileRef = F7E322AB21FFFCC800394B3F /* WentVC.swift */; };
		F7E322AE21FFFCDE00394B3F /* WillGoVC.swift in Sources */ = {isa = PBXBuildFile; fileRef = F7E322AD21FFFCDE00394B3F /* WillGoVC.swift */; };
		F7E322B021FFFCF700394B3F /* FollowedVC.swift in Sources */ = {isa = PBXBuildFile; fileRef = F7E322AF21FFFCF700394B3F /* FollowedVC.swift */; };
		F7E322B222000CC100394B3F /* FollowedCell.swift in Sources */ = {isa = PBXBuildFile; fileRef = F7E322B122000CC100394B3F /* FollowedCell.swift */; };
		F7E322B4220059E400394B3F /* WillGoCell.swift in Sources */ = {isa = PBXBuildFile; fileRef = F7E322B3220059E400394B3F /* WillGoCell.swift */; };
		F7E322B6220059F900394B3F /* WentCell.swift in Sources */ = {isa = PBXBuildFile; fileRef = F7E322B5220059F900394B3F /* WentCell.swift */; };
/* End PBXBuildFile section */

/* Begin PBXFileReference section */
		F702BC3221F9542600685927 /* MainTabBar.swift */ = {isa = PBXFileReference; lastKnownFileType = sourcecode.swift; path = MainTabBar.swift; sourceTree = "<group>"; };
		F702BC3421F97ACA00685927 /* NearVC.swift */ = {isa = PBXFileReference; lastKnownFileType = sourcecode.swift; path = NearVC.swift; sourceTree = "<group>"; };
		F702BC3621F9ADF700685927 /* KeyChainSwift.swift */ = {isa = PBXFileReference; lastKnownFileType = sourcecode.swift; path = KeyChainSwift.swift; sourceTree = "<group>"; };
		F710D80621F56EE30046FEB6 /* MockProject.app */ = {isa = PBXFileReference; explicitFileType = wrapper.application; includeInIndex = 0; path = MockProject.app; sourceTree = BUILT_PRODUCTS_DIR; };
		F710D80921F56EE30046FEB6 /* AppDelegate.swift */ = {isa = PBXFileReference; lastKnownFileType = sourcecode.swift; path = AppDelegate.swift; sourceTree = "<group>"; };
		F710D80B21F56EE30046FEB6 /* HomeVC.swift */ = {isa = PBXFileReference; lastKnownFileType = sourcecode.swift; path = HomeVC.swift; sourceTree = "<group>"; };
		F710D80E21F56EE30046FEB6 /* Base */ = {isa = PBXFileReference; lastKnownFileType = file.storyboard; name = Base; path = Base.lproj/Main.storyboard; sourceTree = "<group>"; };
		F710D81021F56EE40046FEB6 /* Assets.xcassets */ = {isa = PBXFileReference; lastKnownFileType = folder.assetcatalog; path = Assets.xcassets; sourceTree = "<group>"; };
		F710D81321F56EE40046FEB6 /* Base */ = {isa = PBXFileReference; lastKnownFileType = file.storyboard; name = Base; path = Base.lproj/LaunchScreen.storyboard; sourceTree = "<group>"; };
		F710D81521F56EE40046FEB6 /* Info.plist */ = {isa = PBXFileReference; lastKnownFileType = text.plist.xml; path = Info.plist; sourceTree = "<group>"; };
		F710D81D21F57FFF0046FEB6 /* NewsVC.swift */ = {isa = PBXFileReference; lastKnownFileType = sourcecode.swift; path = NewsVC.swift; sourceTree = "<group>"; };
		F710D81F21F580B40046FEB6 /* NewsCell.swift */ = {isa = PBXFileReference; lastKnownFileType = sourcecode.swift; path = NewsCell.swift; sourceTree = "<group>"; };
		F710D82321F582750046FEB6 /* ExtensionCode.swift */ = {isa = PBXFileReference; lastKnownFileType = sourcecode.swift; path = ExtensionCode.swift; sourceTree = "<group>"; };
		F710D82621F5877C0046FEB6 /* PopularVC.swift */ = {isa = PBXFileReference; lastKnownFileType = sourcecode.swift; path = PopularVC.swift; sourceTree = "<group>"; };
		F710D82821F587B10046FEB6 /* PopularCell.swift */ = {isa = PBXFileReference; lastKnownFileType = sourcecode.swift; path = PopularCell.swift; sourceTree = "<group>"; };
		F710D82A21F588030046FEB6 /* PopularDetailVC.swift */ = {isa = PBXFileReference; lastKnownFileType = sourcecode.swift; path = PopularDetailVC.swift; sourceTree = "<group>"; };
		F710D82D21F58CD20046FEB6 /* HomePageView.swift */ = {isa = PBXFileReference; lastKnownFileType = sourcecode.swift; path = HomePageView.swift; sourceTree = "<group>"; };
		F710D82F21F5C9560046FEB6 /* BrowseVC.swift */ = {isa = PBXFileReference; lastKnownFileType = sourcecode.swift; path = BrowseVC.swift; sourceTree = "<group>"; };
		F710D83121F5C9770046FEB6 /* BrowseCell.swift */ = {isa = PBXFileReference; lastKnownFileType = sourcecode.swift; path = BrowseCell.swift; sourceTree = "<group>"; };
		F721B99E21FAF705005B1C26 /* EventsByCategoryVC.swift */ = {isa = PBXFileReference; lastKnownFileType = sourcecode.swift; path = EventsByCategoryVC.swift; sourceTree = "<group>"; };
		F721B9A021FAF753005B1C26 /* EventsByCategoryCell.swift */ = {isa = PBXFileReference; lastKnownFileType = sourcecode.swift; path = EventsByCategoryCell.swift; sourceTree = "<group>"; };
		F72E29CF22115E54009A4ACA /* Artwork.swift */ = {isa = PBXFileReference; lastKnownFileType = sourcecode.swift; path = Artwork.swift; sourceTree = "<group>"; };
		F749DEF221FEDBA200EC5EDE /* NearCollectionCell.swift */ = {isa = PBXFileReference; lastKnownFileType = sourcecode.swift; path = NearCollectionCell.swift; sourceTree = "<group>"; };
		F749DEF421FEE0BE00EC5EDE /* ResetPassVC.swift */ = {isa = PBXFileReference; lastKnownFileType = sourcecode.swift; path = ResetPassVC.swift; sourceTree = "<group>"; };
		F789E6E321F7216600E147F1 /* AccountVC.swift */ = {isa = PBXFileReference; lastKnownFileType = sourcecode.swift; path = AccountVC.swift; sourceTree = "<group>"; };
		F7D4E4B121F6D8BA008293E4 /* RegisterVC.swift */ = {isa = PBXFileReference; lastKnownFileType = sourcecode.swift; path = RegisterVC.swift; sourceTree = "<group>"; };
		F7D4E4B321F6D913008293E4 /* LogInVC.swift */ = {isa = PBXFileReference; lastKnownFileType = sourcecode.swift; path = LogInVC.swift; sourceTree = "<group>"; };
		F7DFC56A21F81D7F00FDA62C /* NewsStruct.swift */ = {isa = PBXFileReference; lastKnownFileType = sourcecode.swift; path = NewsStruct.swift; sourceTree = "<group>"; };
		F7DFC56C21F81DB800FDA62C /* EventsStruct.swift */ = {isa = PBXFileReference; lastKnownFileType = sourcecode.swift; path = EventsStruct.swift; sourceTree = "<group>"; };
		F7DFC56E21F81DF100FDA62C /* CategoriesStruct.swift */ = {isa = PBXFileReference; lastKnownFileType = sourcecode.swift; path = CategoriesStruct.swift; sourceTree = "<group>"; };
		F7DFC57021F81EAF00FDA62C /* AccountStruct.swift */ = {isa = PBXFileReference; lastKnownFileType = sourcecode.swift; path = AccountStruct.swift; sourceTree = "<group>"; };
		F7E322A621FFFB2500394B3F /* MyPageFatherVC.swift */ = {isa = PBXFileReference; lastKnownFileType = sourcecode.swift; path = MyPageFatherVC.swift; sourceTree = "<group>"; };
		F7E322A921FFFB7D00394B3F /* MyPagePageView.swift */ = {isa = PBXFileReference; lastKnownFileType = sourcecode.swift; path = MyPagePageView.swift; sourceTree = "<group>"; };
		F7E322AB21FFFCC800394B3F /* WentVC.swift */ = {isa = PBXFileReference; lastKnownFileType = sourcecode.swift; path = WentVC.swift; sourceTree = "<group>"; };
		F7E322AD21FFFCDE00394B3F /* WillGoVC.swift */ = {isa = PBXFileReference; lastKnownFileType = sourcecode.swift; path = WillGoVC.swift; sourceTree = "<group>"; };
		F7E322AF21FFFCF700394B3F /* FollowedVC.swift */ = {isa = PBXFileReference; lastKnownFileType = sourcecode.swift; path = FollowedVC.swift; sourceTree = "<group>"; };
		F7E322B122000CC100394B3F /* FollowedCell.swift */ = {isa = PBXFileReference; lastKnownFileType = sourcecode.swift; path = FollowedCell.swift; sourceTree = "<group>"; };
		F7E322B3220059E400394B3F /* WillGoCell.swift */ = {isa = PBXFileReference; lastKnownFileType = sourcecode.swift; path = WillGoCell.swift; sourceTree = "<group>"; };
		F7E322B5220059F900394B3F /* WentCell.swift */ = {isa = PBXFileReference; lastKnownFileType = sourcecode.swift; path = WentCell.swift; sourceTree = "<group>"; };
/* End PBXFileReference section */

/* Begin PBXFrameworksBuildPhase section */
		F710D80321F56EE30046FEB6 /* Frameworks */ = {
			isa = PBXFrameworksBuildPhase;
			buildActionMask = 2147483647;
			files = (
			);
			runOnlyForDeploymentPostprocessing = 0;
		};
/* End PBXFrameworksBuildPhase section */

/* Begin PBXGroup section */
		F710D7FD21F56EE30046FEB6 = {
			isa = PBXGroup;
			children = (
				F702BC3621F9ADF700685927 /* KeyChainSwift.swift */,
				F710D80821F56EE30046FEB6 /* MockProject */,
				F710D80721F56EE30046FEB6 /* Products */,
			);
			sourceTree = "<group>";
		};
		F710D80721F56EE30046FEB6 /* Products */ = {
			isa = PBXGroup;
			children = (
				F710D80621F56EE30046FEB6 /* MockProject.app */,
			);
			name = Products;
			sourceTree = "<group>";
		};
		F710D80821F56EE30046FEB6 /* MockProject */ = {
			isa = PBXGroup;
			children = (
				F710D80921F56EE30046FEB6 /* AppDelegate.swift */,
				F710D82321F582750046FEB6 /* ExtensionCode.swift */,
				F702BC3221F9542600685927 /* MainTabBar.swift */,
				F710D83321F5D5D30046FEB6 /* Home */,
				F749DEF621FEE6A400EC5EDE /* Near */,
				F710D83421F5D5DF0046FEB6 /* Categories */,
				F7DFC57221F81ECF00FDA62C /* My Page */,
				F710D80D21F56EE30046FEB6 /* Main.storyboard */,
				F710D81021F56EE40046FEB6 /* Assets.xcassets */,
				F710D81221F56EE40046FEB6 /* LaunchScreen.storyboard */,
				F710D81521F56EE40046FEB6 /* Info.plist */,
			);
			path = MockProject;
			sourceTree = "<group>";
		};
		F710D82521F5846A0046FEB6 /* News */ = {
			isa = PBXGroup;
			children = (
				F710D81D21F57FFF0046FEB6 /* NewsVC.swift */,
				F710D81F21F580B40046FEB6 /* NewsCell.swift */,
				F7DFC56A21F81D7F00FDA62C /* NewsStruct.swift */,
			);
			path = News;
			sourceTree = "<group>";
		};
		F710D82C21F5892E0046FEB6 /* Popular */ = {
			isa = PBXGroup;
			children = (
				F710D82621F5877C0046FEB6 /* PopularVC.swift */,
				F710D82821F587B10046FEB6 /* PopularCell.swift */,
				F710D82A21F588030046FEB6 /* PopularDetailVC.swift */,
				F7DFC56C21F81DB800FDA62C /* EventsStruct.swift */,
			);
			path = Popular;
			sourceTree = "<group>";
		};
		F710D83321F5D5D30046FEB6 /* Home */ = {
			isa = PBXGroup;
			children = (
				F710D80B21F56EE30046FEB6 /* HomeVC.swift */,
				F710D82D21F58CD20046FEB6 /* HomePageView.swift */,
				F710D82C21F5892E0046FEB6 /* Popular */,
				F710D82521F5846A0046FEB6 /* News */,
			);
			path = Home;
			sourceTree = "<group>";
		};
		F710D83421F5D5DF0046FEB6 /* Categories */ = {
			isa = PBXGroup;
			children = (
				F710D82F21F5C9560046FEB6 /* BrowseVC.swift */,
				F710D83121F5C9770046FEB6 /* BrowseCell.swift */,
				F721B99E21FAF705005B1C26 /* EventsByCategoryVC.swift */,
				F721B9A021FAF753005B1C26 /* EventsByCategoryCell.swift */,
				F7DFC56E21F81DF100FDA62C /* CategoriesStruct.swift */,
			);
			path = Categories;
			sourceTree = "<group>";
		};
		F749DEF621FEE6A400EC5EDE /* Near */ = {
			isa = PBXGroup;
			children = (
				F702BC3421F97ACA00685927 /* NearVC.swift */,
				F749DEF221FEDBA200EC5EDE /* NearCollectionCell.swift */,
				F72E29CF22115E54009A4ACA /* Artwork.swift */,
			);
			path = Near;
			sourceTree = "<group>";
		};
		F7DFC57221F81ECF00FDA62C /* My Page */ = {
			isa = PBXGroup;
			children = (
				F7E322A821FFFB4700394B3F /* Login */,
				F7E322A621FFFB2500394B3F /* MyPageFatherVC.swift */,
				F7E322A921FFFB7D00394B3F /* MyPagePageView.swift */,
				F7E322B722005A1100394B3F /* Went */,
				F7E322B822005A1A00394B3F /* WillGo */,
				F7E322B922005A2500394B3F /* Followed */,
				F789E6E321F7216600E147F1 /* AccountVC.swift */,
				F7DFC57021F81EAF00FDA62C /* AccountStruct.swift */,
			);
			path = "My Page";
			sourceTree = "<group>";
		};
		F7E322A821FFFB4700394B3F /* Login */ = {
			isa = PBXGroup;
			children = (
				F7D4E4B321F6D913008293E4 /* LogInVC.swift */,
				F7D4E4B121F6D8BA008293E4 /* RegisterVC.swift */,
				F749DEF421FEE0BE00EC5EDE /* ResetPassVC.swift */,
			);
			path = Login;
			sourceTree = "<group>";
		};
		F7E322B722005A1100394B3F /* Went */ = {
			isa = PBXGroup;
			children = (
				F7E322AB21FFFCC800394B3F /* WentVC.swift */,
				F7E322B5220059F900394B3F /* WentCell.swift */,
			);
			path = Went;
			sourceTree = "<group>";
		};
		F7E322B822005A1A00394B3F /* WillGo */ = {
			isa = PBXGroup;
			children = (
				F7E322AD21FFFCDE00394B3F /* WillGoVC.swift */,
				F7E322B3220059E400394B3F /* WillGoCell.swift */,
			);
			path = WillGo;
			sourceTree = "<group>";
		};
		F7E322B922005A2500394B3F /* Followed */ = {
			isa = PBXGroup;
			children = (
				F7E322AF21FFFCF700394B3F /* FollowedVC.swift */,
				F7E322B122000CC100394B3F /* FollowedCell.swift */,
			);
			path = Followed;
			sourceTree = "<group>";
		};
/* End PBXGroup section */

/* Begin PBXNativeTarget section */
		F710D80521F56EE30046FEB6 /* MockProject */ = {
			isa = PBXNativeTarget;
			buildConfigurationList = F710D81821F56EE40046FEB6 /* Build configuration list for PBXNativeTarget "MockProject" */;
			buildPhases = (
				F710D80221F56EE30046FEB6 /* Sources */,
				F710D80321F56EE30046FEB6 /* Frameworks */,
				F710D80421F56EE30046FEB6 /* Resources */,
			);
			buildRules = (
			);
			dependencies = (
			);
			name = MockProject;
			productName = MockProject;
			productReference = F710D80621F56EE30046FEB6 /* MockProject.app */;
			productType = "com.apple.product-type.application";
		};
/* End PBXNativeTarget section */

/* Begin PBXProject section */
		F710D7FE21F56EE30046FEB6 /* Project object */ = {
			isa = PBXProject;
			attributes = {
				LastSwiftUpdateCheck = 1010;
				LastUpgradeCheck = 1010;
				ORGANIZATIONNAME = "Datt-D1";
				TargetAttributes = {
					F710D80521F56EE30046FEB6 = {
						CreatedOnToolsVersion = 10.1;
					};
				};
			};
			buildConfigurationList = F710D80121F56EE30046FEB6 /* Build configuration list for PBXProject "MockProject" */;
			compatibilityVersion = "Xcode 9.3";
			developmentRegion = en;
			hasScannedForEncodings = 0;
			knownRegions = (
				en,
				Base,
			);
			mainGroup = F710D7FD21F56EE30046FEB6;
			productRefGroup = F710D80721F56EE30046FEB6 /* Products */;
			projectDirPath = "";
			projectRoot = "";
			targets = (
				F710D80521F56EE30046FEB6 /* MockProject */,
			);
		};
/* End PBXProject section */

/* Begin PBXResourcesBuildPhase section */
		F710D80421F56EE30046FEB6 /* Resources */ = {
			isa = PBXResourcesBuildPhase;
			buildActionMask = 2147483647;
			files = (
				F710D81421F56EE40046FEB6 /* LaunchScreen.storyboard in Resources */,
				F710D81121F56EE40046FEB6 /* Assets.xcassets in Resources */,
				F710D80F21F56EE30046FEB6 /* Main.storyboard in Resources */,
			);
			runOnlyForDeploymentPostprocessing = 0;
		};
/* End PBXResourcesBuildPhase section */

/* Begin PBXSourcesBuildPhase section */
		F710D80221F56EE30046FEB6 /* Sources */ = {
			isa = PBXSourcesBuildPhase;
			buildActionMask = 2147483647;
			files = (
				F710D82721F5877C0046FEB6 /* PopularVC.swift in Sources */,
				F7E322B021FFFCF700394B3F /* FollowedVC.swift in Sources */,
				F710D82B21F588030046FEB6 /* PopularDetailVC.swift in Sources */,
				F7E322AA21FFFB7D00394B3F /* MyPagePageView.swift in Sources */,
				F721B9A121FAF753005B1C26 /* EventsByCategoryCell.swift in Sources */,
				F7D4E4B421F6D913008293E4 /* LogInVC.swift in Sources */,
				F7E322AE21FFFCDE00394B3F /* WillGoVC.swift in Sources */,
				F710D81E21F57FFF0046FEB6 /* NewsVC.swift in Sources */,
				F72E29D022115E54009A4ACA /* Artwork.swift in Sources */,
				F749DEF521FEE0BE00EC5EDE /* ResetPassVC.swift in Sources */,
				F721B99F21FAF705005B1C26 /* EventsByCategoryVC.swift in Sources */,
				F7E322B6220059F900394B3F /* WentCell.swift in Sources */,
				F7DFC56B21F81D7F00FDA62C /* NewsStruct.swift in Sources */,
				F710D82E21F58CD20046FEB6 /* HomePageView.swift in Sources */,
				F7E322A721FFFB2500394B3F /* MyPageFatherVC.swift in Sources */,
				F7DFC57121F81EAF00FDA62C /* AccountStruct.swift in Sources */,
				F710D82421F582750046FEB6 /* ExtensionCode.swift in Sources */,
				F702BC3321F9542600685927 /* MainTabBar.swift in Sources */,
				F7E322B222000CC100394B3F /* FollowedCell.swift in Sources */,
				F7DFC56D21F81DB800FDA62C /* EventsStruct.swift in Sources */,
				F710D80C21F56EE30046FEB6 /* HomeVC.swift in Sources */,
				F749DEF321FEDBA200EC5EDE /* NearCollectionCell.swift in Sources */,
				F710D82021F580B40046FEB6 /* NewsCell.swift in Sources */,
				F702BC3721F9ADF700685927 /* KeyChainSwift.swift in Sources */,
				F7E322AC21FFFCC800394B3F /* WentVC.swift in Sources */,
				F710D80A21F56EE30046FEB6 /* AppDelegate.swift in Sources */,
				F710D83021F5C9560046FEB6 /* BrowseVC.swift in Sources */,
				F7E322B4220059E400394B3F /* WillGoCell.swift in Sources */,
				F789E6E421F7216600E147F1 /* AccountVC.swift in Sources */,
				F7D4E4B221F6D8BA008293E4 /* RegisterVC.swift in Sources */,
				F710D83221F5C9770046FEB6 /* BrowseCell.swift in Sources */,
				F7DFC56F21F81DF100FDA62C /* CategoriesStruct.swift in Sources */,
				F702BC3521F97ACA00685927 /* NearVC.swift in Sources */,
				F710D82921F587B10046FEB6 /* PopularCell.swift in Sources */,
			);
			runOnlyForDeploymentPostprocessing = 0;
		};
/* End PBXSourcesBuildPhase section */

/* Begin PBXVariantGroup section */
		F710D80D21F56EE30046FEB6 /* Main.storyboard */ = {
			isa = PBXVariantGroup;
			children = (
				F710D80E21F56EE30046FEB6 /* Base */,
			);
			name = Main.storyboard;
			sourceTree = "<group>";
		};
		F710D81221F56EE40046FEB6 /* LaunchScreen.storyboard */ = {
			isa = PBXVariantGroup;
			children = (
				F710D81321F56EE40046FEB6 /* Base */,
			);
			name = LaunchScreen.storyboard;
			sourceTree = "<group>";
		};
/* End PBXVariantGroup section */

/* Begin XCBuildConfiguration section */
		F710D81621F56EE40046FEB6 /* Debug */ = {
			isa = XCBuildConfiguration;
			buildSettings = {
				ALWAYS_SEARCH_USER_PATHS = NO;
				CLANG_ANALYZER_NONNULL = YES;
				CLANG_ANALYZER_NUMBER_OBJECT_CONVERSION = YES_AGGRESSIVE;
				CLANG_CXX_LANGUAGE_STANDARD = "gnu++14";
				CLANG_CXX_LIBRARY = "libc++";
				CLANG_ENABLE_MODULES = YES;
				CLANG_ENABLE_OBJC_ARC = YES;
				CLANG_ENABLE_OBJC_WEAK = YES;
				CLANG_WARN_BLOCK_CAPTURE_AUTORELEASING = YES;
				CLANG_WARN_BOOL_CONVERSION = YES;
				CLANG_WARN_COMMA = YES;
				CLANG_WARN_CONSTANT_CONVERSION = YES;
				CLANG_WARN_DEPRECATED_OBJC_IMPLEMENTATIONS = YES;
				CLANG_WARN_DIRECT_OBJC_ISA_USAGE = YES_ERROR;
				CLANG_WARN_DOCUMENTATION_COMMENTS = YES;
				CLANG_WARN_EMPTY_BODY = YES;
				CLANG_WARN_ENUM_CONVERSION = YES;
				CLANG_WARN_INFINITE_RECURSION = YES;
				CLANG_WARN_INT_CONVERSION = YES;
				CLANG_WARN_NON_LITERAL_NULL_CONVERSION = YES;
				CLANG_WARN_OBJC_IMPLICIT_RETAIN_SELF = YES;
				CLANG_WARN_OBJC_LITERAL_CONVERSION = YES;
				CLANG_WARN_OBJC_ROOT_CLASS = YES_ERROR;
				CLANG_WARN_RANGE_LOOP_ANALYSIS = YES;
				CLANG_WARN_STRICT_PROTOTYPES = YES;
				CLANG_WARN_SUSPICIOUS_MOVE = YES;
				CLANG_WARN_UNGUARDED_AVAILABILITY = YES_AGGRESSIVE;
				CLANG_WARN_UNREACHABLE_CODE = YES;
				CLANG_WARN__DUPLICATE_METHOD_MATCH = YES;
				CODE_SIGN_IDENTITY = "iPhone Developer";
				COPY_PHASE_STRIP = NO;
				DEBUG_INFORMATION_FORMAT = dwarf;
				ENABLE_STRICT_OBJC_MSGSEND = YES;
				ENABLE_TESTABILITY = YES;
				GCC_C_LANGUAGE_STANDARD = gnu11;
				GCC_DYNAMIC_NO_PIC = NO;
				GCC_NO_COMMON_BLOCKS = YES;
				GCC_OPTIMIZATION_LEVEL = 0;
				GCC_PREPROCESSOR_DEFINITIONS = (
					"DEBUG=1",
					"$(inherited)",
				);
				GCC_WARN_64_TO_32_BIT_CONVERSION = YES;
				GCC_WARN_ABOUT_RETURN_TYPE = YES_ERROR;
				GCC_WARN_UNDECLARED_SELECTOR = YES;
				GCC_WARN_UNINITIALIZED_AUTOS = YES_AGGRESSIVE;
				GCC_WARN_UNUSED_FUNCTION = YES;
				GCC_WARN_UNUSED_VARIABLE = YES;
				IPHONEOS_DEPLOYMENT_TARGET = 12.1;
				MTL_ENABLE_DEBUG_INFO = INCLUDE_SOURCE;
				MTL_FAST_MATH = YES;
				ONLY_ACTIVE_ARCH = YES;
				SDKROOT = iphoneos;
				SWIFT_ACTIVE_COMPILATION_CONDITIONS = DEBUG;
				SWIFT_OPTIMIZATION_LEVEL = "-Onone";
			};
			name = Debug;
		};
		F710D81721F56EE40046FEB6 /* Release */ = {
			isa = XCBuildConfiguration;
			buildSettings = {
				ALWAYS_SEARCH_USER_PATHS = NO;
				CLANG_ANALYZER_NONNULL = YES;
				CLANG_ANALYZER_NUMBER_OBJECT_CONVERSION = YES_AGGRESSIVE;
				CLANG_CXX_LANGUAGE_STANDARD = "gnu++14";
				CLANG_CXX_LIBRARY = "libc++";
				CLANG_ENABLE_MODULES = YES;
				CLANG_ENABLE_OBJC_ARC = YES;
				CLANG_ENABLE_OBJC_WEAK = YES;
				CLANG_WARN_BLOCK_CAPTURE_AUTORELEASING = YES;
				CLANG_WARN_BOOL_CONVERSION = YES;
				CLANG_WARN_COMMA = YES;
				CLANG_WARN_CONSTANT_CONVERSION = YES;
				CLANG_WARN_DEPRECATED_OBJC_IMPLEMENTATIONS = YES;
				CLANG_WARN_DIRECT_OBJC_ISA_USAGE = YES_ERROR;
				CLANG_WARN_DOCUMENTATION_COMMENTS = YES;
				CLANG_WARN_EMPTY_BODY = YES;
				CLANG_WARN_ENUM_CONVERSION = YES;
				CLANG_WARN_INFINITE_RECURSION = YES;
				CLANG_WARN_INT_CONVERSION = YES;
				CLANG_WARN_NON_LITERAL_NULL_CONVERSION = YES;
				CLANG_WARN_OBJC_IMPLICIT_RETAIN_SELF = YES;
				CLANG_WARN_OBJC_LITERAL_CONVERSION = YES;
				CLANG_WARN_OBJC_ROOT_CLASS = YES_ERROR;
				CLANG_WARN_RANGE_LOOP_ANALYSIS = YES;
				CLANG_WARN_STRICT_PROTOTYPES = YES;
				CLANG_WARN_SUSPICIOUS_MOVE = YES;
				CLANG_WARN_UNGUARDED_AVAILABILITY = YES_AGGRESSIVE;
				CLANG_WARN_UNREACHABLE_CODE = YES;
				CLANG_WARN__DUPLICATE_METHOD_MATCH = YES;
				CODE_SIGN_IDENTITY = "iPhone Developer";
				COPY_PHASE_STRIP = NO;
				DEBUG_INFORMATION_FORMAT = "dwarf-with-dsym";
				ENABLE_NS_ASSERTIONS = NO;
				ENABLE_STRICT_OBJC_MSGSEND = YES;
				GCC_C_LANGUAGE_STANDARD = gnu11;
				GCC_NO_COMMON_BLOCKS = YES;
				GCC_WARN_64_TO_32_BIT_CONVERSION = YES;
				GCC_WARN_ABOUT_RETURN_TYPE = YES_ERROR;
				GCC_WARN_UNDECLARED_SELECTOR = YES;
				GCC_WARN_UNINITIALIZED_AUTOS = YES_AGGRESSIVE;
				GCC_WARN_UNUSED_FUNCTION = YES;
				GCC_WARN_UNUSED_VARIABLE = YES;
				IPHONEOS_DEPLOYMENT_TARGET = 12.1;
				MTL_ENABLE_DEBUG_INFO = NO;
				MTL_FAST_MATH = YES;
				SDKROOT = iphoneos;
				SWIFT_COMPILATION_MODE = wholemodule;
				SWIFT_OPTIMIZATION_LEVEL = "-O";
				VALIDATE_PRODUCT = YES;
			};
			name = Release;
		};
		F710D81921F56EE40046FEB6 /* Debug */ = {
			isa = XCBuildConfiguration;
			buildSettings = {
				ASSETCATALOG_COMPILER_APPICON_NAME = AppIcon;
				CODE_SIGN_STYLE = Automatic;
				DEVELOPMENT_TEAM = X7YH7J65S5;
				INFOPLIST_FILE = MockProject/Info.plist;
				IPHONEOS_DEPLOYMENT_TARGET = 11.4;
				LD_RUNPATH_SEARCH_PATHS = (
					"$(inherited)",
					"@executable_path/Frameworks",
				);
				PRODUCT_BUNDLE_IDENTIFIER = gw.ds96.MockProject;
				PRODUCT_NAME = "$(TARGET_NAME)";
				SWIFT_VERSION = 4.2;
				TARGETED_DEVICE_FAMILY = "1,2";
			};
			name = Debug;
		};
		F710D81A21F56EE40046FEB6 /* Release */ = {
			isa = XCBuildConfiguration;
			buildSettings = {
				ASSETCATALOG_COMPILER_APPICON_NAME = AppIcon;
				CODE_SIGN_STYLE = Automatic;
				DEVELOPMENT_TEAM = X7YH7J65S5;
				INFOPLIST_FILE = MockProject/Info.plist;
				IPHONEOS_DEPLOYMENT_TARGET = 11.4;
				LD_RUNPATH_SEARCH_PATHS = (
					"$(inherited)",
					"@executable_path/Frameworks",
				);
				PRODUCT_BUNDLE_IDENTIFIER = gw.ds96.MockProject;
				PRODUCT_NAME = "$(TARGET_NAME)";
				SWIFT_VERSION = 4.2;
				TARGETED_DEVICE_FAMILY = "1,2";
			};
			name = Release;
		};
/* End XCBuildConfiguration section */

/* Begin XCConfigurationList section */
		F710D80121F56EE30046FEB6 /* Build configuration list for PBXProject "MockProject" */ = {
			isa = XCConfigurationList;
			buildConfigurations = (
				F710D81621F56EE40046FEB6 /* Debug */,
				F710D81721F56EE40046FEB6 /* Release */,
			);
			defaultConfigurationIsVisible = 0;
			defaultConfigurationName = Release;
		};
		F710D81821F56EE40046FEB6 /* Build configuration list for PBXNativeTarget "MockProject" */ = {
			isa = XCConfigurationList;
			buildConfigurations = (
				F710D81921F56EE40046FEB6 /* Debug */,
				F710D81A21F56EE40046FEB6 /* Release */,
			);
			defaultConfigurationIsVisible = 0;
			defaultConfigurationName = Release;
		};
/* End XCConfigurationList section */
	};
	rootObject = F710D7FE21F56EE30046FEB6 /* Project object */;
}
